PODS:
  - NSDate+TimeAgo (1.0.3)
  - SIOSocket (0.1.0)
  - TTTAttributedLabel (1.10.1)

DEPENDENCIES:
  - NSDate+TimeAgo
  - SIOSocket (~> 0.1.0)
  - TTTAttributedLabel (~> 1.10.1)

SPEC CHECKSUMS:
  NSDate+TimeAgo: f3533e0198fab05b716368b19f8c2185d53d6f3b
  SIOSocket: 754459d4463f870105d5a9d3f8e57c71247c8043
  TTTAttributedLabel: 94bb04f1e005616002dd2cee0262a0082e533627

COCOAPODS: 0.34.1
