PODS:
  - DateToolsSwift (2.0.3)
  - ReachabilitySwift (3)
  - Socket.IO-Client-Swift (11.1.3):
    - StarscreamSocketIO (~> 8.0.5)
  - StarscreamSocketIO (8.0.5)

DEPENDENCIES:
  - DateToolsSwift
  - ReachabilitySwift (~> 3)
  - Socket.IO-Client-Swift (~> 11.1.3)

SPEC CHECKSUMS:
  DateToolsSwift: bf69bf9056d9e53c5c03f06e51f219b9b8b02f9e
  ReachabilitySwift: f5b9bb30a0777fac8f09ce8b067e32faeb29bb64
  Socket.IO-Client-Swift: b8e59ddc16bc3609ca2f49a4b50253f095d535c8
  StarscreamSocketIO: b56993332d3cd74885a7486e183ff0cd9541b3f3

PODFILE CHECKSUM: 562e22bfd227911b7416b0ae4e471a73dcef596b

COCOAPODS: 1.3.1
