PODS:
  - NSDate+TimeAgo (1.0.3)
  - Reachability (3.1.1)
  - SIOSocket (0.2.0)

DEPENDENCIES:
  - NSDate+TimeAgo
  - Reachability (~> 3.1.1)
  - SIOSocket (~> 0.2.0)

SPEC CHECKSUMS:
  NSDate+TimeAgo: 416f55d2696d3744c313091c5a9280d47f8238fe
  Reachability: dd9aa4fb6667b9f787690a74f53cb7634ce99893
  SIOSocket: 2facc0bd02ae72d98c223634a46dd8ebdf9be321

PODFILE CHECKSUM: c4ad0541c7849b28ec097fc60a960fb2c156b94d

COCOAPODS: 1.0.0
