// !$*UTF8*$!
{
	archiveVersion = 1;
	classes = {
	};
	objectVersion = 46;
	objects = {

/* Begin PBXBuildFile section */
		22771F1C1A0D171900D93C65 /* DefaultDefaults.plist in Resources */ = {isa = PBXBuildFile; fileRef = 22771F1B1A0D171900D93C65 /* DefaultDefaults.plist */; };
		2C188A8418889EC3002CD14C /* MCPostViewController.m in Sources */ = {isa = PBXBuildFile; fileRef = 2C188A8318889EC3002CD14C /* MCPostViewController.m */; };
		2C1F8C9D1885CFEB001BE713 /* Foundation.framework in Frameworks */ = {isa = PBXBuildFile; fileRef = 2C1F8C9C1885CFEB001BE713 /* Foundation.framework */; };
		2C1F8C9F1885CFEB001BE713 /* CoreGraphics.framework in Frameworks */ = {isa = PBXBuildFile; fileRef = 2C1F8C9E1885CFEB001BE713 /* CoreGraphics.framework */; };
		2C1F8CA11885CFEB001BE713 /* UIKit.framework in Frameworks */ = {isa = PBXBuildFile; fileRef = 2C1F8CA01885CFEB001BE713 /* UIKit.framework */; };
		2C1F8CA71885CFEB001BE713 /* InfoPlist.strings in Resources */ = {isa = PBXBuildFile; fileRef = 2C1F8CA51885CFEB001BE713 /* InfoPlist.strings */; };
		2C1F8CA91885CFEB001BE713 /* main.m in Sources */ = {isa = PBXBuildFile; fileRef = 2C1F8CA81885CFEB001BE713 /* main.m */; };
		2C1F8CAD1885CFEB001BE713 /* MCAppDelegate.m in Sources */ = {isa = PBXBuildFile; fileRef = 2C1F8CAC1885CFEB001BE713 /* MCAppDelegate.m */; };
		2C1F8CB01885CFEB001BE713 /* Main_iPhone.storyboard in Resources */ = {isa = PBXBuildFile; fileRef = 2C1F8CAE1885CFEB001BE713 /* Main_iPhone.storyboard */; };
		2C1F8CB61885CFEB001BE713 /* NMViewController.m in Sources */ = {isa = PBXBuildFile; fileRef = 2C1F8CB51885CFEB001BE713 /* NMViewController.m */; };
		2C1F8CB81885CFEB001BE713 /* Images.xcassets in Resources */ = {isa = PBXBuildFile; fileRef = 2C1F8CB71885CFEB001BE713 /* Images.xcassets */; };
		2C1F8CBF1885CFEB001BE713 /* XCTest.framework in Frameworks */ = {isa = PBXBuildFile; fileRef = 2C1F8CBE1885CFEB001BE713 /* XCTest.framework */; };
		2C1F8CC01885CFEB001BE713 /* Foundation.framework in Frameworks */ = {isa = PBXBuildFile; fileRef = 2C1F8C9C1885CFEB001BE713 /* Foundation.framework */; };
		2C1F8CC11885CFEB001BE713 /* UIKit.framework in Frameworks */ = {isa = PBXBuildFile; fileRef = 2C1F8CA01885CFEB001BE713 /* UIKit.framework */; };
		2C1F8CC91885CFEB001BE713 /* InfoPlist.strings in Resources */ = {isa = PBXBuildFile; fileRef = 2C1F8CC71885CFEB001BE713 /* InfoPlist.strings */; };
		2C1F8CCB1885CFEB001BE713 /* MeatChatTests.m in Sources */ = {isa = PBXBuildFile; fileRef = 2C1F8CCA1885CFEB001BE713 /* MeatChatTests.m */; };
		2C1F8CD61885D05B001BE713 /* MCPostCell.m in Sources */ = {isa = PBXBuildFile; fileRef = 2C1F8CD51885D05B001BE713 /* MCPostCell.m */; };
		2C1F8CD91885D08A001BE713 /* MCPostListViewController.m in Sources */ = {isa = PBXBuildFile; fileRef = 2C1F8CD81885D08A001BE713 /* MCPostListViewController.m */; };
		2C1F8CFD1885FB86001BE713 /* libicucore.dylib in Frameworks */ = {isa = PBXBuildFile; fileRef = 2C1F8CFC1885FB86001BE713 /* libicucore.dylib */; };
		2C1F8CFF1885FB8C001BE713 /* CFNetwork.framework in Frameworks */ = {isa = PBXBuildFile; fileRef = 2C1F8CFE1885FB8C001BE713 /* CFNetwork.framework */; };
		2C1F8D011885FB92001BE713 /* Security.framework in Frameworks */ = {isa = PBXBuildFile; fileRef = 2C1F8D001885FB92001BE713 /* Security.framework */; };
		2C27842019C4331400EDCA57 /* MCPost.m in Sources */ = {isa = PBXBuildFile; fileRef = 2C27841F19C4331400EDCA57 /* MCPost.m */; };
		2C2B274019E980E200A03B04 /* UIImage+Extras.m in Sources */ = {isa = PBXBuildFile; fileRef = 2C2B273F19E980E200A03B04 /* UIImage+Extras.m */; };
		2C8E87AD19EEFC5D00EB1396 /* Settings.bundle in Resources */ = {isa = PBXBuildFile; fileRef = 2C8E87AC19EEFC5D00EB1396 /* Settings.bundle */; };
		2CAAA5DC19ED19CA00FE68CF /* Launch Screen.xib in Resources */ = {isa = PBXBuildFile; fileRef = 2CAAA5DB19ED19CA00FE68CF /* Launch Screen.xib */; };
		61B37259671C453AA69C08CE /* libPods.a in Frameworks */ = {isa = PBXBuildFile; fileRef = 24400EDD099742C5ABF721BF /* libPods.a */; };
/* End PBXBuildFile section */

/* Begin PBXContainerItemProxy section */
		2C1F8CC21885CFEB001BE713 /* PBXContainerItemProxy */ = {
			isa = PBXContainerItemProxy;
			containerPortal = 2C1F8C911885CFEB001BE713 /* Project object */;
			proxyType = 1;
			remoteGlobalIDString = 2C1F8C981885CFEB001BE713;
			remoteInfo = MeatChat;
		};
/* End PBXContainerItemProxy section */

/* Begin PBXFileReference section */
		22771F1B1A0D171900D93C65 /* DefaultDefaults.plist */ = {isa = PBXFileReference; fileEncoding = 4; lastKnownFileType = text.plist.xml; path = DefaultDefaults.plist; sourceTree = "<group>"; };
		24400EDD099742C5ABF721BF /* libPods.a */ = {isa = PBXFileReference; explicitFileType = archive.ar; includeInIndex = 0; path = libPods.a; sourceTree = BUILT_PRODUCTS_DIR; };
		2C188A8218889EC3002CD14C /* MCPostViewController.h */ = {isa = PBXFileReference; fileEncoding = 4; lastKnownFileType = sourcecode.c.h; path = MCPostViewController.h; sourceTree = "<group>"; };
		2C188A8318889EC3002CD14C /* MCPostViewController.m */ = {isa = PBXFileReference; fileEncoding = 4; lastKnownFileType = sourcecode.c.objc; path = MCPostViewController.m; sourceTree = "<group>"; };
		2C1F8C991885CFEB001BE713 /* MeatChat2.app */ = {isa = PBXFileReference; explicitFileType = wrapper.application; includeInIndex = 0; path = MeatChat2.app; sourceTree = BUILT_PRODUCTS_DIR; };
		2C1F8C9C1885CFEB001BE713 /* Foundation.framework */ = {isa = PBXFileReference; lastKnownFileType = wrapper.framework; name = Foundation.framework; path = System/Library/Frameworks/Foundation.framework; sourceTree = SDKROOT; };
		2C1F8C9E1885CFEB001BE713 /* CoreGraphics.framework */ = {isa = PBXFileReference; lastKnownFileType = wrapper.framework; name = CoreGraphics.framework; path = System/Library/Frameworks/CoreGraphics.framework; sourceTree = SDKROOT; };
		2C1F8CA01885CFEB001BE713 /* UIKit.framework */ = {isa = PBXFileReference; lastKnownFileType = wrapper.framework; name = UIKit.framework; path = System/Library/Frameworks/UIKit.framework; sourceTree = SDKROOT; };
		2C1F8CA41885CFEB001BE713 /* MeatChat2-Info.plist */ = {isa = PBXFileReference; lastKnownFileType = text.plist.xml; path = "MeatChat2-Info.plist"; sourceTree = "<group>"; };
		2C1F8CA61885CFEB001BE713 /* en */ = {isa = PBXFileReference; lastKnownFileType = text.plist.strings; name = en; path = en.lproj/InfoPlist.strings; sourceTree = "<group>"; };
		2C1F8CA81885CFEB001BE713 /* main.m */ = {isa = PBXFileReference; lastKnownFileType = sourcecode.c.objc; path = main.m; sourceTree = "<group>"; };
		2C1F8CAA1885CFEB001BE713 /* MeatChat-Prefix.pch */ = {isa = PBXFileReference; lastKnownFileType = sourcecode.c.h; path = "MeatChat-Prefix.pch"; sourceTree = "<group>"; };
		2C1F8CAB1885CFEB001BE713 /* MCAppDelegate.h */ = {isa = PBXFileReference; lastKnownFileType = sourcecode.c.h; path = MCAppDelegate.h; sourceTree = "<group>"; };
		2C1F8CAC1885CFEB001BE713 /* MCAppDelegate.m */ = {isa = PBXFileReference; lastKnownFileType = sourcecode.c.objc; path = MCAppDelegate.m; sourceTree = "<group>"; };
		2C1F8CAF1885CFEB001BE713 /* Base */ = {isa = PBXFileReference; lastKnownFileType = file.storyboard; name = Base; path = Base.lproj/Main_iPhone.storyboard; sourceTree = "<group>"; };
		2C1F8CB41885CFEB001BE713 /* NMViewController.h */ = {isa = PBXFileReference; lastKnownFileType = sourcecode.c.h; path = NMViewController.h; sourceTree = "<group>"; };
		2C1F8CB51885CFEB001BE713 /* NMViewController.m */ = {isa = PBXFileReference; lastKnownFileType = sourcecode.c.objc; path = NMViewController.m; sourceTree = "<group>"; };
		2C1F8CB71885CFEB001BE713 /* Images.xcassets */ = {isa = PBXFileReference; lastKnownFileType = folder.assetcatalog; path = Images.xcassets; sourceTree = "<group>"; };
		2C1F8CBD1885CFEB001BE713 /* MeatChat2Tests.xctest */ = {isa = PBXFileReference; explicitFileType = wrapper.cfbundle; includeInIndex = 0; path = MeatChat2Tests.xctest; sourceTree = BUILT_PRODUCTS_DIR; };
		2C1F8CBE1885CFEB001BE713 /* XCTest.framework */ = {isa = PBXFileReference; lastKnownFileType = wrapper.framework; name = XCTest.framework; path = Library/Frameworks/XCTest.framework; sourceTree = DEVELOPER_DIR; };
		2C1F8CC61885CFEB001BE713 /* MeatChat2Tests-Info.plist */ = {isa = PBXFileReference; lastKnownFileType = text.plist.xml; path = "MeatChat2Tests-Info.plist"; sourceTree = "<group>"; };
		2C1F8CC81885CFEB001BE713 /* en */ = {isa = PBXFileReference; lastKnownFileType = text.plist.strings; name = en; path = en.lproj/InfoPlist.strings; sourceTree = "<group>"; };
		2C1F8CCA1885CFEB001BE713 /* MeatChatTests.m */ = {isa = PBXFileReference; lastKnownFileType = sourcecode.c.objc; path = MeatChatTests.m; sourceTree = "<group>"; };
		2C1F8CD41885D05B001BE713 /* MCPostCell.h */ = {isa = PBXFileReference; fileEncoding = 4; lastKnownFileType = sourcecode.c.h; path = MCPostCell.h; sourceTree = "<group>"; };
		2C1F8CD51885D05B001BE713 /* MCPostCell.m */ = {isa = PBXFileReference; fileEncoding = 4; lastKnownFileType = sourcecode.c.objc; path = MCPostCell.m; sourceTree = "<group>"; };
		2C1F8CD71885D08A001BE713 /* MCPostListViewController.h */ = {isa = PBXFileReference; fileEncoding = 4; lastKnownFileType = sourcecode.c.h; path = MCPostListViewController.h; sourceTree = "<group>"; };
		2C1F8CD81885D08A001BE713 /* MCPostListViewController.m */ = {isa = PBXFileReference; fileEncoding = 4; lastKnownFileType = sourcecode.c.objc; path = MCPostListViewController.m; sourceTree = "<group>"; };
		2C1F8CFC1885FB86001BE713 /* libicucore.dylib */ = {isa = PBXFileReference; lastKnownFileType = "compiled.mach-o.dylib"; name = libicucore.dylib; path = usr/lib/libicucore.dylib; sourceTree = SDKROOT; };
		2C1F8CFE1885FB8C001BE713 /* CFNetwork.framework */ = {isa = PBXFileReference; lastKnownFileType = wrapper.framework; name = CFNetwork.framework; path = System/Library/Frameworks/CFNetwork.framework; sourceTree = SDKROOT; };
		2C1F8D001885FB92001BE713 /* Security.framework */ = {isa = PBXFileReference; lastKnownFileType = wrapper.framework; name = Security.framework; path = System/Library/Frameworks/Security.framework; sourceTree = SDKROOT; };
		2C27841B19C4329B00EDCA57 /* MeatChat-Bridging-Header.h */ = {isa = PBXFileReference; lastKnownFileType = sourcecode.c.h; path = "MeatChat-Bridging-Header.h"; sourceTree = "<group>"; };
		2C27841E19C4331400EDCA57 /* MCPost.h */ = {isa = PBXFileReference; fileEncoding = 4; lastKnownFileType = sourcecode.c.h; path = MCPost.h; sourceTree = "<group>"; };
		2C27841F19C4331400EDCA57 /* MCPost.m */ = {isa = PBXFileReference; fileEncoding = 4; lastKnownFileType = sourcecode.c.objc; path = MCPost.m; sourceTree = "<group>"; };
		2C2B273E19E980E200A03B04 /* UIImage+Extras.h */ = {isa = PBXFileReference; fileEncoding = 4; lastKnownFileType = sourcecode.c.h; path = "UIImage+Extras.h"; sourceTree = "<group>"; };
		2C2B273F19E980E200A03B04 /* UIImage+Extras.m */ = {isa = PBXFileReference; fileEncoding = 4; lastKnownFileType = sourcecode.c.objc; path = "UIImage+Extras.m"; sourceTree = "<group>"; };
		2C8E87AC19EEFC5D00EB1396 /* Settings.bundle */ = {isa = PBXFileReference; lastKnownFileType = "wrapper.plug-in"; path = Settings.bundle; sourceTree = "<group>"; };
		2CAAA5DB19ED19CA00FE68CF /* Launch Screen.xib */ = {isa = PBXFileReference; fileEncoding = 4; lastKnownFileType = file.xib; path = "Launch Screen.xib"; sourceTree = "<group>"; };
		4134EA2819E9EC210093B991 /* MeatChat2-Prefix.pch */ = {isa = PBXFileReference; lastKnownFileType = sourcecode.c.h; name = "MeatChat2-Prefix.pch"; path = "MeatChat/MeatChat2-Prefix.pch"; sourceTree = "<group>"; };
		878D885A722FC2C12257BA5B /* Pods.release.xcconfig */ = {isa = PBXFileReference; includeInIndex = 1; lastKnownFileType = text.xcconfig; name = Pods.release.xcconfig; path = "Pods/Target Support Files/Pods/Pods.release.xcconfig"; sourceTree = "<group>"; };
		BB118653E2E1DB891F4CA8C6 /* Pods.debug.xcconfig */ = {isa = PBXFileReference; includeInIndex = 1; lastKnownFileType = text.xcconfig; name = Pods.debug.xcconfig; path = "Pods/Target Support Files/Pods/Pods.debug.xcconfig"; sourceTree = "<group>"; };
/* End PBXFileReference section */

/* Begin PBXFrameworksBuildPhase section */
		2C1F8C961885CFEB001BE713 /* Frameworks */ = {
			isa = PBXFrameworksBuildPhase;
			buildActionMask = 2147483647;
			files = (
				2C1F8C9D1885CFEB001BE713 /* Foundation.framework in Frameworks */,
				2C1F8D011885FB92001BE713 /* Security.framework in Frameworks */,
				2C1F8CFF1885FB8C001BE713 /* CFNetwork.framework in Frameworks */,
				2C1F8CFD1885FB86001BE713 /* libicucore.dylib in Frameworks */,
				2C1F8C9F1885CFEB001BE713 /* CoreGraphics.framework in Frameworks */,
				2C1F8CA11885CFEB001BE713 /* UIKit.framework in Frameworks */,
				61B37259671C453AA69C08CE /* libPods.a in Frameworks */,
			);
			runOnlyForDeploymentPostprocessing = 0;
		};
		2C1F8CBA1885CFEB001BE713 /* Frameworks */ = {
			isa = PBXFrameworksBuildPhase;
			buildActionMask = 2147483647;
			files = (
				2C1F8CBF1885CFEB001BE713 /* XCTest.framework in Frameworks */,
				2C1F8CC11885CFEB001BE713 /* UIKit.framework in Frameworks */,
				2C1F8CC01885CFEB001BE713 /* Foundation.framework in Frameworks */,
			);
			runOnlyForDeploymentPostprocessing = 0;
		};
/* End PBXFrameworksBuildPhase section */

/* Begin PBXGroup section */
		2C1F8C901885CFEB001BE713 = {
			isa = PBXGroup;
			children = (
				4134EA2819E9EC210093B991 /* MeatChat2-Prefix.pch */,
				2C1F8CA21885CFEB001BE713 /* MeatChat */,
				2C1F8CC41885CFEB001BE713 /* MeatChat */,
				2C1F8C9B1885CFEB001BE713 /* Frameworks */,
				2C1F8C9A1885CFEB001BE713 /* Products */,
				30709C7767B2121A7B0101B4 /* Pods */,
			);
			sourceTree = "<group>";
		};
		2C1F8C9A1885CFEB001BE713 /* Products */ = {
			isa = PBXGroup;
			children = (
				2C1F8C991885CFEB001BE713 /* MeatChat2.app */,
				2C1F8CBD1885CFEB001BE713 /* MeatChat2Tests.xctest */,
			);
			name = Products;
			sourceTree = "<group>";
		};
		2C1F8C9B1885CFEB001BE713 /* Frameworks */ = {
			isa = PBXGroup;
			children = (
				2C1F8D001885FB92001BE713 /* Security.framework */,
				2C1F8CFE1885FB8C001BE713 /* CFNetwork.framework */,
				2C1F8CFC1885FB86001BE713 /* libicucore.dylib */,
				2C1F8C9C1885CFEB001BE713 /* Foundation.framework */,
				2C1F8C9E1885CFEB001BE713 /* CoreGraphics.framework */,
				2C1F8CA01885CFEB001BE713 /* UIKit.framework */,
				2C1F8CBE1885CFEB001BE713 /* XCTest.framework */,
				24400EDD099742C5ABF721BF /* libPods.a */,
			);
			name = Frameworks;
			sourceTree = "<group>";
		};
		2C1F8CA21885CFEB001BE713 /* MeatChat */ = {
			isa = PBXGroup;
			children = (
				2C27841A19C4322600EDCA57 /* Models */,
				2C27841919C4321900EDCA57 /* Views */,
				2C27841819C431F800EDCA57 /* Controllers */,
				2C1F8CDF1885F89B001BE713 /* External */,
				2C1F8CAB1885CFEB001BE713 /* MCAppDelegate.h */,
				2C1F8CAC1885CFEB001BE713 /* MCAppDelegate.m */,
				2CAAA5DB19ED19CA00FE68CF /* Launch Screen.xib */,
				2C1F8CAE1885CFEB001BE713 /* Main_iPhone.storyboard */,
				2C1F8CB71885CFEB001BE713 /* Images.xcassets */,
				2C1F8CA31885CFEB001BE713 /* Supporting Files */,
			);
			path = MeatChat;
			sourceTree = "<group>";
		};
		2C1F8CA31885CFEB001BE713 /* Supporting Files */ = {
			isa = PBXGroup;
			children = (
				2C27841B19C4329B00EDCA57 /* MeatChat-Bridging-Header.h */,
				2C1F8CA41885CFEB001BE713 /* MeatChat2-Info.plist */,
				2C1F8CA51885CFEB001BE713 /* InfoPlist.strings */,
				2C1F8CA81885CFEB001BE713 /* main.m */,
				2C1F8CAA1885CFEB001BE713 /* MeatChat-Prefix.pch */,
				2C8E87AC19EEFC5D00EB1396 /* Settings.bundle */,
				22771F1B1A0D171900D93C65 /* DefaultDefaults.plist */,
			);
			name = "Supporting Files";
			sourceTree = "<group>";
		};
		2C1F8CC41885CFEB001BE713 /* MeatChat */ = {
			isa = PBXGroup;
			children = (
				2C1F8CCA1885CFEB001BE713 /* MeatChatTests.m */,
				2C1F8CC51885CFEB001BE713 /* Supporting Files */,
			);
			name = MeatChat;
			path = MeatChatTests;
			sourceTree = "<group>";
		};
		2C1F8CC51885CFEB001BE713 /* Supporting Files */ = {
			isa = PBXGroup;
			children = (
				2C1F8CC61885CFEB001BE713 /* MeatChat2Tests-Info.plist */,
				2C1F8CC71885CFEB001BE713 /* InfoPlist.strings */,
			);
			name = "Supporting Files";
			sourceTree = "<group>";
		};
		2C1F8CDF1885F89B001BE713 /* External */ = {
			isa = PBXGroup;
			children = (
			);
			name = External;
			sourceTree = "<group>";
		};
		2C27841819C431F800EDCA57 /* Controllers */ = {
			isa = PBXGroup;
			children = (
				2C1F8CB41885CFEB001BE713 /* NMViewController.h */,
				2C1F8CB51885CFEB001BE713 /* NMViewController.m */,
				2C1F8CD71885D08A001BE713 /* MCPostListViewController.h */,
				2C1F8CD81885D08A001BE713 /* MCPostListViewController.m */,
				2C188A8218889EC3002CD14C /* MCPostViewController.h */,
				2C188A8318889EC3002CD14C /* MCPostViewController.m */,
			);
			name = Controllers;
			sourceTree = "<group>";
		};
		2C27841919C4321900EDCA57 /* Views */ = {
			isa = PBXGroup;
			children = (
				2C1F8CD41885D05B001BE713 /* MCPostCell.h */,
				2C1F8CD51885D05B001BE713 /* MCPostCell.m */,
			);
			name = Views;
			sourceTree = "<group>";
		};
		2C27841A19C4322600EDCA57 /* Models */ = {
			isa = PBXGroup;
			children = (
				2C27841E19C4331400EDCA57 /* MCPost.h */,
				2C27841F19C4331400EDCA57 /* MCPost.m */,
				2C2B273E19E980E200A03B04 /* UIImage+Extras.h */,
				2C2B273F19E980E200A03B04 /* UIImage+Extras.m */,
			);
			name = Models;
			sourceTree = "<group>";
		};
		30709C7767B2121A7B0101B4 /* Pods */ = {
			isa = PBXGroup;
			children = (
				BB118653E2E1DB891F4CA8C6 /* Pods.debug.xcconfig */,
				878D885A722FC2C12257BA5B /* Pods.release.xcconfig */,
			);
			name = Pods;
			sourceTree = "<group>";
		};
/* End PBXGroup section */

/* Begin PBXNativeTarget section */
		2C1F8C981885CFEB001BE713 /* MeatChat2 */ = {
			isa = PBXNativeTarget;
			buildConfigurationList = 2C1F8CCE1885CFEB001BE713 /* Build configuration list for PBXNativeTarget "MeatChat2" */;
			buildPhases = (
				BBA07FE4852D4CF2954B2AB4 /* Check Pods Manifest.lock */,
				2C1F8C951885CFEB001BE713 /* Sources */,
				2C1F8C961885CFEB001BE713 /* Frameworks */,
				2C1F8C971885CFEB001BE713 /* Resources */,
				CF0CBC43598E48318E5B1E58 /* Copy Pods Resources */,
			);
			buildRules = (
			);
			dependencies = (
			);
			name = MeatChat2;
			productName = MeatChat;
			productReference = 2C1F8C991885CFEB001BE713 /* MeatChat2.app */;
			productType = "com.apple.product-type.application";
		};
		2C1F8CBC1885CFEB001BE713 /* MeatChat2Tests */ = {
			isa = PBXNativeTarget;
			buildConfigurationList = 2C1F8CD11885CFEB001BE713 /* Build configuration list for PBXNativeTarget "MeatChat2Tests" */;
			buildPhases = (
				2C1F8CB91885CFEB001BE713 /* Sources */,
				2C1F8CBA1885CFEB001BE713 /* Frameworks */,
				2C1F8CBB1885CFEB001BE713 /* Resources */,
			);
			buildRules = (
			);
			dependencies = (
				2C1F8CC31885CFEB001BE713 /* PBXTargetDependency */,
			);
			name = MeatChat2Tests;
			productName = MeatChatTests;
			productReference = 2C1F8CBD1885CFEB001BE713 /* MeatChat2Tests.xctest */;
			productType = "com.apple.product-type.bundle.unit-test";
		};
/* End PBXNativeTarget section */

/* Begin PBXProject section */
		2C1F8C911885CFEB001BE713 /* Project object */ = {
			isa = PBXProject;
			attributes = {
				CLASSPREFIX = NM;
				LastUpgradeCheck = 0600;
				ORGANIZATIONNAME = "Nordaaker AS";
				TargetAttributes = {
					2C1F8C981885CFEB001BE713 = {
						DevelopmentTeam = 92W4VZ8HPS;
					};
					2C1F8CBC1885CFEB001BE713 = {
						TestTargetID = 2C1F8C981885CFEB001BE713;
					};
				};
			};
			buildConfigurationList = 2C1F8C941885CFEB001BE713 /* Build configuration list for PBXProject "MeatChat2" */;
			compatibilityVersion = "Xcode 3.2";
			developmentRegion = English;
			hasScannedForEncodings = 0;
			knownRegions = (
				en,
				Base,
			);
			mainGroup = 2C1F8C901885CFEB001BE713;
			productRefGroup = 2C1F8C9A1885CFEB001BE713 /* Products */;
			projectDirPath = "";
			projectRoot = "";
			targets = (
				2C1F8C981885CFEB001BE713 /* MeatChat2 */,
				2C1F8CBC1885CFEB001BE713 /* MeatChat2Tests */,
			);
		};
/* End PBXProject section */

/* Begin PBXResourcesBuildPhase section */
		2C1F8C971885CFEB001BE713 /* Resources */ = {
			isa = PBXResourcesBuildPhase;
			buildActionMask = 2147483647;
			files = (
				22771F1C1A0D171900D93C65 /* DefaultDefaults.plist in Resources */,
				2C1F8CB81885CFEB001BE713 /* Images.xcassets in Resources */,
				2CAAA5DC19ED19CA00FE68CF /* Launch Screen.xib in Resources */,
				2C8E87AD19EEFC5D00EB1396 /* Settings.bundle in Resources */,
				2C1F8CB01885CFEB001BE713 /* Main_iPhone.storyboard in Resources */,
				2C1F8CA71885CFEB001BE713 /* InfoPlist.strings in Resources */,
			);
			runOnlyForDeploymentPostprocessing = 0;
		};
		2C1F8CBB1885CFEB001BE713 /* Resources */ = {
			isa = PBXResourcesBuildPhase;
			buildActionMask = 2147483647;
			files = (
				2C1F8CC91885CFEB001BE713 /* InfoPlist.strings in Resources */,
			);
			runOnlyForDeploymentPostprocessing = 0;
		};
/* End PBXResourcesBuildPhase section */

/* Begin PBXShellScriptBuildPhase section */
		BBA07FE4852D4CF2954B2AB4 /* Check Pods Manifest.lock */ = {
			isa = PBXShellScriptBuildPhase;
			buildActionMask = 2147483647;
			files = (
			);
			inputPaths = (
			);
			name = "Check Pods Manifest.lock";
			outputPaths = (
			);
			runOnlyForDeploymentPostprocessing = 0;
			shellPath = /bin/sh;
			shellScript = "diff \"${PODS_ROOT}/../Podfile.lock\" \"${PODS_ROOT}/Manifest.lock\" > /dev/null\nif [[ $? != 0 ]] ; then\n    cat << EOM\nerror: The sandbox is not in sync with the Podfile.lock. Run 'pod install' or update your CocoaPods installation.\nEOM\n    exit 1\nfi\n";
			showEnvVarsInLog = 0;
		};
		CF0CBC43598E48318E5B1E58 /* Copy Pods Resources */ = {
			isa = PBXShellScriptBuildPhase;
			buildActionMask = 2147483647;
			files = (
			);
			inputPaths = (
			);
			name = "Copy Pods Resources";
			outputPaths = (
			);
			runOnlyForDeploymentPostprocessing = 0;
			shellPath = /bin/sh;
			shellScript = "\"${SRCROOT}/Pods/Target Support Files/Pods/Pods-resources.sh\"\n";
			showEnvVarsInLog = 0;
		};
/* End PBXShellScriptBuildPhase section */

/* Begin PBXSourcesBuildPhase section */
		2C1F8C951885CFEB001BE713 /* Sources */ = {
			isa = PBXSourcesBuildPhase;
			buildActionMask = 2147483647;
			files = (
				2C188A8418889EC3002CD14C /* MCPostViewController.m in Sources */,
				2C1F8CB61885CFEB001BE713 /* NMViewController.m in Sources */,
				2C1F8CA91885CFEB001BE713 /* main.m in Sources */,
				2C1F8CD91885D08A001BE713 /* MCPostListViewController.m in Sources */,
				2C27842019C4331400EDCA57 /* MCPost.m in Sources */,
				2C1F8CAD1885CFEB001BE713 /* MCAppDelegate.m in Sources */,
				2C2B274019E980E200A03B04 /* UIImage+Extras.m in Sources */,
				2C1F8CD61885D05B001BE713 /* MCPostCell.m in Sources */,
			);
			runOnlyForDeploymentPostprocessing = 0;
		};
		2C1F8CB91885CFEB001BE713 /* Sources */ = {
			isa = PBXSourcesBuildPhase;
			buildActionMask = 2147483647;
			files = (
				2C1F8CCB1885CFEB001BE713 /* MeatChatTests.m in Sources */,
			);
			runOnlyForDeploymentPostprocessing = 0;
		};
/* End PBXSourcesBuildPhase section */

/* Begin PBXTargetDependency section */
		2C1F8CC31885CFEB001BE713 /* PBXTargetDependency */ = {
			isa = PBXTargetDependency;
			target = 2C1F8C981885CFEB001BE713 /* MeatChat2 */;
			targetProxy = 2C1F8CC21885CFEB001BE713 /* PBXContainerItemProxy */;
		};
/* End PBXTargetDependency section */

/* Begin PBXVariantGroup section */
		2C1F8CA51885CFEB001BE713 /* InfoPlist.strings */ = {
			isa = PBXVariantGroup;
			children = (
				2C1F8CA61885CFEB001BE713 /* en */,
			);
			name = InfoPlist.strings;
			sourceTree = "<group>";
		};
		2C1F8CAE1885CFEB001BE713 /* Main_iPhone.storyboard */ = {
			isa = PBXVariantGroup;
			children = (
				2C1F8CAF1885CFEB001BE713 /* Base */,
			);
			name = Main_iPhone.storyboard;
			sourceTree = "<group>";
		};
		2C1F8CC71885CFEB001BE713 /* InfoPlist.strings */ = {
			isa = PBXVariantGroup;
			children = (
				2C1F8CC81885CFEB001BE713 /* en */,
			);
			name = InfoPlist.strings;
			sourceTree = "<group>";
		};
/* End PBXVariantGroup section */

/* Begin XCBuildConfiguration section */
		2C1F8CCC1885CFEB001BE713 /* Debug */ = {
			isa = XCBuildConfiguration;
			buildSettings = {
				ALWAYS_SEARCH_USER_PATHS = NO;
				CLANG_CXX_LANGUAGE_STANDARD = "gnu++0x";
				CLANG_CXX_LIBRARY = "libc++";
				CLANG_ENABLE_MODULES = YES;
				CLANG_ENABLE_OBJC_ARC = YES;
				CLANG_WARN_BOOL_CONVERSION = YES;
				CLANG_WARN_CONSTANT_CONVERSION = YES;
				CLANG_WARN_DIRECT_OBJC_ISA_USAGE = YES_ERROR;
				CLANG_WARN_EMPTY_BODY = YES;
				CLANG_WARN_ENUM_CONVERSION = YES;
				CLANG_WARN_INT_CONVERSION = YES;
				CLANG_WARN_OBJC_ROOT_CLASS = YES_ERROR;
				CLANG_WARN__DUPLICATE_METHOD_MATCH = YES;
				"CODE_SIGN_IDENTITY[sdk=iphoneos*]" = "iPhone Developer";
				COPY_PHASE_STRIP = NO;
				GCC_C_LANGUAGE_STANDARD = gnu99;
				GCC_DYNAMIC_NO_PIC = NO;
				GCC_OPTIMIZATION_LEVEL = 0;
				GCC_PREPROCESSOR_DEFINITIONS = (
					"DEBUG=1",
					"$(inherited)",
				);
				GCC_SYMBOLS_PRIVATE_EXTERN = NO;
				GCC_WARN_64_TO_32_BIT_CONVERSION = YES;
				GCC_WARN_ABOUT_RETURN_TYPE = YES_ERROR;
				GCC_WARN_UNDECLARED_SELECTOR = YES;
				GCC_WARN_UNINITIALIZED_AUTOS = YES;
				GCC_WARN_UNUSED_FUNCTION = YES;
				GCC_WARN_UNUSED_VARIABLE = YES;
				IPHONEOS_DEPLOYMENT_TARGET = 7.0;
				ONLY_ACTIVE_ARCH = YES;
				SDKROOT = iphoneos;
				TARGETED_DEVICE_FAMILY = "1,2";
			};
			name = Debug;
		};
		2C1F8CCD1885CFEB001BE713 /* Release */ = {
			isa = XCBuildConfiguration;
			buildSettings = {
				ALWAYS_SEARCH_USER_PATHS = NO;
				CLANG_CXX_LANGUAGE_STANDARD = "gnu++0x";
				CLANG_CXX_LIBRARY = "libc++";
				CLANG_ENABLE_MODULES = YES;
				CLANG_ENABLE_OBJC_ARC = YES;
				CLANG_WARN_BOOL_CONVERSION = YES;
				CLANG_WARN_CONSTANT_CONVERSION = YES;
				CLANG_WARN_DIRECT_OBJC_ISA_USAGE = YES_ERROR;
				CLANG_WARN_EMPTY_BODY = YES;
				CLANG_WARN_ENUM_CONVERSION = YES;
				CLANG_WARN_INT_CONVERSION = YES;
				CLANG_WARN_OBJC_ROOT_CLASS = YES_ERROR;
				CLANG_WARN__DUPLICATE_METHOD_MATCH = YES;
				"CODE_SIGN_IDENTITY[sdk=iphoneos*]" = "iPhone Developer";
				COPY_PHASE_STRIP = YES;
				ENABLE_NS_ASSERTIONS = NO;
				GCC_C_LANGUAGE_STANDARD = gnu99;
				GCC_WARN_64_TO_32_BIT_CONVERSION = YES;
				GCC_WARN_ABOUT_RETURN_TYPE = YES_ERROR;
				GCC_WARN_UNDECLARED_SELECTOR = YES;
				GCC_WARN_UNINITIALIZED_AUTOS = YES;
				GCC_WARN_UNUSED_FUNCTION = YES;
				GCC_WARN_UNUSED_VARIABLE = YES;
				IPHONEOS_DEPLOYMENT_TARGET = 7.0;
				SDKROOT = iphoneos;
				TARGETED_DEVICE_FAMILY = "1,2";
				VALIDATE_PRODUCT = YES;
			};
			name = Release;
		};
		2C1F8CCF1885CFEB001BE713 /* Debug */ = {
			isa = XCBuildConfiguration;
			baseConfigurationReference = BB118653E2E1DB891F4CA8C6 /* Pods.debug.xcconfig */;
			buildSettings = {
				ASSETCATALOG_COMPILER_APPICON_NAME = AppIcon;
				CLANG_ENABLE_MODULES = YES;
				CODE_SIGN_IDENTITY = "iPhone Developer";
				"CODE_SIGN_IDENTITY[sdk=iphoneos*]" = "iPhone Developer";
				GCC_PRECOMPILE_PREFIX_HEADER = YES;
				GCC_PREFIX_HEADER = "MeatChat/MeatChat2-Prefix.pch";
				INFOPLIST_FILE = "MeatChat/MeatChat2-Info.plist";
				IPHONEOS_DEPLOYMENT_TARGET = 8.0;
				LD_RUNPATH_SEARCH_PATHS = "$(inherited) @executable_path/Frameworks";
				PRODUCT_NAME = MeatChat2;
				PROVISIONING_PROFILE = "";
				SWIFT_OBJC_BRIDGING_HEADER = "MeatChat/MeatChat-Bridging-Header.h";
				SWIFT_OPTIMIZATION_LEVEL = "-Onone";
				TARGETED_DEVICE_FAMILY = "1,2";
				WRAPPER_EXTENSION = app;
			};
			name = Debug;
		};
		2C1F8CD01885CFEB001BE713 /* Release */ = {
			isa = XCBuildConfiguration;
			baseConfigurationReference = 878D885A722FC2C12257BA5B /* Pods.release.xcconfig */;
			buildSettings = {
				ASSETCATALOG_COMPILER_APPICON_NAME = AppIcon;
				CLANG_ENABLE_MODULES = YES;
				CODE_SIGN_IDENTITY = "iPhone Developer";
				"CODE_SIGN_IDENTITY[sdk=iphoneos*]" = "iPhone Developer";
				GCC_PRECOMPILE_PREFIX_HEADER = YES;
				GCC_PREFIX_HEADER = "MeatChat/MeatChat2-Prefix.pch";
				INFOPLIST_FILE = "MeatChat/MeatChat2-Info.plist";
				IPHONEOS_DEPLOYMENT_TARGET = 8.0;
				LD_RUNPATH_SEARCH_PATHS = "$(inherited) @executable_path/Frameworks";
				PRODUCT_NAME = MeatChat2;
				PROVISIONING_PROFILE = "";
				SWIFT_OBJC_BRIDGING_HEADER = "MeatChat/MeatChat-Bridging-Header.h";
				TARGETED_DEVICE_FAMILY = "1,2";
				WRAPPER_EXTENSION = app;
			};
			name = Release;
		};
		2C1F8CD21885CFEB001BE713 /* Debug */ = {
			isa = XCBuildConfiguration;
			buildSettings = {
				BUNDLE_LOADER = "$(BUILT_PRODUCTS_DIR)/MeatChat.app/MeatChat";
				FRAMEWORK_SEARCH_PATHS = (
					"$(SDKROOT)/Developer/Library/Frameworks",
					"$(inherited)",
					"$(DEVELOPER_FRAMEWORKS_DIR)",
				);
				GCC_PRECOMPILE_PREFIX_HEADER = YES;
				GCC_PREFIX_HEADER = "MeatChat/MeatChat-Prefix.pch";
				GCC_PREPROCESSOR_DEFINITIONS = (
					"DEBUG=1",
					"$(inherited)",
				);
				INFOPLIST_FILE = "MeatChatTests/MeatChat2Tests-Info.plist";
				PRODUCT_NAME = MeatChat2Tests;
				TEST_HOST = "$(BUNDLE_LOADER)";
				WRAPPER_EXTENSION = xctest;
			};
			name = Debug;
		};
		2C1F8CD31885CFEB001BE713 /* Release */ = {
			isa = XCBuildConfiguration;
			buildSettings = {
				BUNDLE_LOADER = "$(BUILT_PRODUCTS_DIR)/MeatChat.app/MeatChat";
				FRAMEWORK_SEARCH_PATHS = (
					"$(SDKROOT)/Developer/Library/Frameworks",
					"$(inherited)",
					"$(DEVELOPER_FRAMEWORKS_DIR)",
				);
				GCC_PRECOMPILE_PREFIX_HEADER = YES;
				GCC_PREFIX_HEADER = "MeatChat/MeatChat-Prefix.pch";
				INFOPLIST_FILE = "MeatChatTests/MeatChat2Tests-Info.plist";
				PRODUCT_NAME = MeatChat2Tests;
				TEST_HOST = "$(BUNDLE_LOADER)";
				WRAPPER_EXTENSION = xctest;
			};
			name = Release;
		};
/* End XCBuildConfiguration section */

/* Begin XCConfigurationList section */
		2C1F8C941885CFEB001BE713 /* Build configuration list for PBXProject "MeatChat2" */ = {
			isa = XCConfigurationList;
			buildConfigurations = (
				2C1F8CCC1885CFEB001BE713 /* Debug */,
				2C1F8CCD1885CFEB001BE713 /* Release */,
			);
			defaultConfigurationIsVisible = 0;
			defaultConfigurationName = Release;
		};
		2C1F8CCE1885CFEB001BE713 /* Build configuration list for PBXNativeTarget "MeatChat2" */ = {
			isa = XCConfigurationList;
			buildConfigurations = (
				2C1F8CCF1885CFEB001BE713 /* Debug */,
				2C1F8CD01885CFEB001BE713 /* Release */,
			);
			defaultConfigurationIsVisible = 0;
			defaultConfigurationName = Release;
		};
		2C1F8CD11885CFEB001BE713 /* Build configuration list for PBXNativeTarget "MeatChat2Tests" */ = {
			isa = XCConfigurationList;
			buildConfigurations = (
				2C1F8CD21885CFEB001BE713 /* Debug */,
				2C1F8CD31885CFEB001BE713 /* Release */,
			);
			defaultConfigurationIsVisible = 0;
			defaultConfigurationName = Release;
		};
/* End XCConfigurationList section */
	};
	rootObject = 2C1F8C911885CFEB001BE713 /* Project object */;
}
